// !$*UTF8*$!
{
	archiveVersion = 1;
	classes = {
	};
	objectVersion = 50;
	objects = {

/* Begin PBXBuildFile section */
		1F5CD2BE20AF4F9D001209A5 /* DistanceFilterTableViewCell.swift in Sources */ = {isa = PBXBuildFile; fileRef = 1F5CD2BD20AF4F9D001209A5 /* DistanceFilterTableViewCell.swift */; };
		1F5CD2C220AF696F001209A5 /* GPSRecordingDataModel.xcdatamodeld in Sources */ = {isa = PBXBuildFile; fileRef = 1F5CD2C020AF696F001209A5 /* GPSRecordingDataModel.xcdatamodeld */; };
		1F5CD2C420AF6D9E001209A5 /* Track.swift in Sources */ = {isa = PBXBuildFile; fileRef = 1F5CD2C320AF6D9E001209A5 /* Track.swift */; };
		1F5CD2C620AF6EAE001209A5 /* Line.swift in Sources */ = {isa = PBXBuildFile; fileRef = 1F5CD2C520AF6EAE001209A5 /* Line.swift */; };
		1F5CD2C820AF6EDF001209A5 /* Point.swift in Sources */ = {isa = PBXBuildFile; fileRef = 1F5CD2C720AF6EDF001209A5 /* Point.swift */; };
		1F5CD2CA20AF7278001209A5 /* GPSRecordingStore.swift in Sources */ = {isa = PBXBuildFile; fileRef = 1F5CD2C920AF7278001209A5 /* GPSRecordingStore.swift */; };
		1F5CD2CB20AF90DA001209A5 /* GPSRecordingDataModel.xcdatamodeld in Sources */ = {isa = PBXBuildFile; fileRef = 1F5CD2C020AF696F001209A5 /* GPSRecordingDataModel.xcdatamodeld */; };
		1F5CD2CD20AF941B001209A5 /* GPSRecordingStore.swift in Sources */ = {isa = PBXBuildFile; fileRef = 1F5CD2C920AF7278001209A5 /* GPSRecordingStore.swift */; };
		1F5CD2CE20AF9420001209A5 /* Point.swift in Sources */ = {isa = PBXBuildFile; fileRef = 1F5CD2C720AF6EDF001209A5 /* Point.swift */; };
		1F5CD2CF20AF9422001209A5 /* Line.swift in Sources */ = {isa = PBXBuildFile; fileRef = 1F5CD2C520AF6EAE001209A5 /* Line.swift */; };
		1F5CD2D020AF9425001209A5 /* Track.swift in Sources */ = {isa = PBXBuildFile; fileRef = 1F5CD2C320AF6D9E001209A5 /* Track.swift */; };
		1F8A1CF320AB9BB400A48700 /* AppDelegate.swift in Sources */ = {isa = PBXBuildFile; fileRef = 1F8A1CF220AB9BB400A48700 /* AppDelegate.swift */; };
		1F8A1CF520AB9BB400A48700 /* ViewController.swift in Sources */ = {isa = PBXBuildFile; fileRef = 1F8A1CF420AB9BB400A48700 /* ViewController.swift */; };
		1F8A1CF820AB9BB400A48700 /* Main.storyboard in Resources */ = {isa = PBXBuildFile; fileRef = 1F8A1CF620AB9BB400A48700 /* Main.storyboard */; };
		1F8A1CFB20AB9BB400A48700 /* GPS_Recording.xcdatamodeld in Sources */ = {isa = PBXBuildFile; fileRef = 1F8A1CF920AB9BB400A48700 /* GPS_Recording.xcdatamodeld */; };
		1F8A1CFD20AB9BB600A48700 /* Assets.xcassets in Resources */ = {isa = PBXBuildFile; fileRef = 1F8A1CFC20AB9BB600A48700 /* Assets.xcassets */; };
		1F8A1D0020AB9BB600A48700 /* LaunchScreen.storyboard in Resources */ = {isa = PBXBuildFile; fileRef = 1F8A1CFE20AB9BB600A48700 /* LaunchScreen.storyboard */; };
		1F8A1D0B20AB9BB600A48700 /* GPS_RecordingTests.swift in Sources */ = {isa = PBXBuildFile; fileRef = 1F8A1D0A20AB9BB600A48700 /* GPS_RecordingTests.swift */; };
		1F8A1D1620ABA0D400A48700 /* SettingsViewController.swift in Sources */ = {isa = PBXBuildFile; fileRef = 1F8A1D1520ABA0D400A48700 /* SettingsViewController.swift */; };
		1F8A1D1820ACF1E600A48700 /* GPSRecordingSettings.swift in Sources */ = {isa = PBXBuildFile; fileRef = 1F8A1D1720ACF1E600A48700 /* GPSRecordingSettings.swift */; };
		1FE6E4DC20C5FD8A00FC1AB4 /* RecordViewController.swift in Sources */ = {isa = PBXBuildFile; fileRef = 1FE6E4DB20C5FD8A00FC1AB4 /* RecordViewController.swift */; };
/* End PBXBuildFile section */

/* Begin PBXContainerItemProxy section */
		1F8A1D0720AB9BB600A48700 /* PBXContainerItemProxy */ = {
			isa = PBXContainerItemProxy;
			containerPortal = 1F8A1CE720AB9BB400A48700 /* Project object */;
			proxyType = 1;
			remoteGlobalIDString = 1F8A1CEE20AB9BB400A48700;
			remoteInfo = "GPS Recording";
		};
/* End PBXContainerItemProxy section */

/* Begin PBXFileReference section */
		1F5CD2BD20AF4F9D001209A5 /* DistanceFilterTableViewCell.swift */ = {isa = PBXFileReference; lastKnownFileType = sourcecode.swift; path = DistanceFilterTableViewCell.swift; sourceTree = "<group>"; };
		1F5CD2C120AF696F001209A5 /* GPSRecordingDataModel.xcdatamodel */ = {isa = PBXFileReference; lastKnownFileType = wrapper.xcdatamodel; path = GPSRecordingDataModel.xcdatamodel; sourceTree = "<group>"; };
		1F5CD2C320AF6D9E001209A5 /* Track.swift */ = {isa = PBXFileReference; lastKnownFileType = sourcecode.swift; path = Track.swift; sourceTree = "<group>"; };
		1F5CD2C520AF6EAE001209A5 /* Line.swift */ = {isa = PBXFileReference; lastKnownFileType = sourcecode.swift; path = Line.swift; sourceTree = "<group>"; };
		1F5CD2C720AF6EDF001209A5 /* Point.swift */ = {isa = PBXFileReference; lastKnownFileType = sourcecode.swift; path = Point.swift; sourceTree = "<group>"; };
		1F5CD2C920AF7278001209A5 /* GPSRecordingStore.swift */ = {isa = PBXFileReference; lastKnownFileType = sourcecode.swift; path = GPSRecordingStore.swift; sourceTree = "<group>"; };
		1F5CD2D120AF9975001209A5 /* BUILD_NOTES.md */ = {isa = PBXFileReference; lastKnownFileType = net.daringfireball.markdown; path = BUILD_NOTES.md; sourceTree = "<group>"; };
		1F8A1CEF20AB9BB400A48700 /* GPS Recording.app */ = {isa = PBXFileReference; explicitFileType = wrapper.application; includeInIndex = 0; path = "GPS Recording.app"; sourceTree = BUILT_PRODUCTS_DIR; };
		1F8A1CF220AB9BB400A48700 /* AppDelegate.swift */ = {isa = PBXFileReference; lastKnownFileType = sourcecode.swift; path = AppDelegate.swift; sourceTree = "<group>"; };
		1F8A1CF420AB9BB400A48700 /* ViewController.swift */ = {isa = PBXFileReference; lastKnownFileType = sourcecode.swift; path = ViewController.swift; sourceTree = "<group>"; };
		1F8A1CF720AB9BB400A48700 /* Base */ = {isa = PBXFileReference; lastKnownFileType = file.storyboard; name = Base; path = Base.lproj/Main.storyboard; sourceTree = "<group>"; };
		1F8A1CFA20AB9BB400A48700 /* GPS_Recording.xcdatamodel */ = {isa = PBXFileReference; lastKnownFileType = wrapper.xcdatamodel; path = GPS_Recording.xcdatamodel; sourceTree = "<group>"; };
		1F8A1CFC20AB9BB600A48700 /* Assets.xcassets */ = {isa = PBXFileReference; lastKnownFileType = folder.assetcatalog; path = Assets.xcassets; sourceTree = "<group>"; };
		1F8A1CFF20AB9BB600A48700 /* Base */ = {isa = PBXFileReference; lastKnownFileType = file.storyboard; name = Base; path = Base.lproj/LaunchScreen.storyboard; sourceTree = "<group>"; };
		1F8A1D0120AB9BB600A48700 /* Info.plist */ = {isa = PBXFileReference; lastKnownFileType = text.plist.xml; path = Info.plist; sourceTree = "<group>"; };
		1F8A1D0620AB9BB600A48700 /* GPS RecordingTests.xctest */ = {isa = PBXFileReference; explicitFileType = wrapper.cfbundle; includeInIndex = 0; path = "GPS RecordingTests.xctest"; sourceTree = BUILT_PRODUCTS_DIR; };
		1F8A1D0A20AB9BB600A48700 /* GPS_RecordingTests.swift */ = {isa = PBXFileReference; lastKnownFileType = sourcecode.swift; path = GPS_RecordingTests.swift; sourceTree = "<group>"; };
		1F8A1D0C20AB9BB600A48700 /* Info.plist */ = {isa = PBXFileReference; lastKnownFileType = text.plist.xml; path = Info.plist; sourceTree = "<group>"; };
		1F8A1D1520ABA0D400A48700 /* SettingsViewController.swift */ = {isa = PBXFileReference; lastKnownFileType = sourcecode.swift; path = SettingsViewController.swift; sourceTree = "<group>"; };
		1F8A1D1720ACF1E600A48700 /* GPSRecordingSettings.swift */ = {isa = PBXFileReference; lastKnownFileType = sourcecode.swift; path = GPSRecordingSettings.swift; sourceTree = "<group>"; };
		1FE6E4DB20C5FD8A00FC1AB4 /* RecordViewController.swift */ = {isa = PBXFileReference; lastKnownFileType = sourcecode.swift; path = RecordViewController.swift; sourceTree = "<group>"; };
/* End PBXFileReference section */

/* Begin PBXFrameworksBuildPhase section */
		1F8A1CEC20AB9BB400A48700 /* Frameworks */ = {
			isa = PBXFrameworksBuildPhase;
			buildActionMask = 2147483647;
			files = (
			);
			runOnlyForDeploymentPostprocessing = 0;
		};
		1F8A1D0320AB9BB600A48700 /* Frameworks */ = {
			isa = PBXFrameworksBuildPhase;
			buildActionMask = 2147483647;
			files = (
			);
			runOnlyForDeploymentPostprocessing = 0;
		};
/* End PBXFrameworksBuildPhase section */

/* Begin PBXGroup section */
		1F5CD2BF20AF5641001209A5 /* GPSRecording */ = {
			isa = PBXGroup;
			children = (
				1F8A1D1720ACF1E600A48700 /* GPSRecordingSettings.swift */,
				1F5CD2C020AF696F001209A5 /* GPSRecordingDataModel.xcdatamodeld */,
				1F5CD2C320AF6D9E001209A5 /* Track.swift */,
				1F5CD2C520AF6EAE001209A5 /* Line.swift */,
				1F5CD2C720AF6EDF001209A5 /* Point.swift */,
				1F5CD2C920AF7278001209A5 /* GPSRecordingStore.swift */,
			);
			path = GPSRecording;
			sourceTree = "<group>";
		};
		1F8A1CE620AB9BB400A48700 = {
			isa = PBXGroup;
			children = (
				1F8A1CF120AB9BB400A48700 /* GPS Recording */,
				1F8A1D0920AB9BB600A48700 /* GPS RecordingTests */,
				1F8A1CF020AB9BB400A48700 /* Products */,
			);
			sourceTree = "<group>";
		};
		1F8A1CF020AB9BB400A48700 /* Products */ = {
			isa = PBXGroup;
			children = (
				1F8A1CEF20AB9BB400A48700 /* GPS Recording.app */,
				1F8A1D0620AB9BB600A48700 /* GPS RecordingTests.xctest */,
			);
			name = Products;
			sourceTree = "<group>";
		};
		1F8A1CF120AB9BB400A48700 /* GPS Recording */ = {
			isa = PBXGroup;
			children = (
				1F5CD2BF20AF5641001209A5 /* GPSRecording */,
				1F8A1CF220AB9BB400A48700 /* AppDelegate.swift */,
				1FE6E4DB20C5FD8A00FC1AB4 /* RecordViewController.swift */,
				1F8A1CF420AB9BB400A48700 /* ViewController.swift */,
				1F8A1CF620AB9BB400A48700 /* Main.storyboard */,
				1F5CD2BD20AF4F9D001209A5 /* DistanceFilterTableViewCell.swift */,
				1F8A1CFC20AB9BB600A48700 /* Assets.xcassets */,
				1F8A1CFE20AB9BB600A48700 /* LaunchScreen.storyboard */,
				1F8A1D0120AB9BB600A48700 /* Info.plist */,
				1F8A1CF920AB9BB400A48700 /* GPS_Recording.xcdatamodeld */,
				1F8A1D1520ABA0D400A48700 /* SettingsViewController.swift */,
				1F5CD2D120AF9975001209A5 /* BUILD_NOTES.md */,
			);
			path = "GPS Recording";
			sourceTree = "<group>";
		};
		1F8A1D0920AB9BB600A48700 /* GPS RecordingTests */ = {
			isa = PBXGroup;
			children = (
				1F8A1D0A20AB9BB600A48700 /* GPS_RecordingTests.swift */,
				1F8A1D0C20AB9BB600A48700 /* Info.plist */,
			);
			path = "GPS RecordingTests";
			sourceTree = "<group>";
		};
/* End PBXGroup section */

/* Begin PBXNativeTarget section */
		1F8A1CEE20AB9BB400A48700 /* GPS Recording */ = {
			isa = PBXNativeTarget;
			buildConfigurationList = 1F8A1D0F20AB9BB600A48700 /* Build configuration list for PBXNativeTarget "GPS Recording" */;
			buildPhases = (
				1F8A1CEB20AB9BB400A48700 /* Sources */,
				1F8A1CEC20AB9BB400A48700 /* Frameworks */,
				1F8A1CED20AB9BB400A48700 /* Resources */,
			);
			buildRules = (
			);
			dependencies = (
			);
			name = "GPS Recording";
			productName = "GPS Recording";
			productReference = 1F8A1CEF20AB9BB400A48700 /* GPS Recording.app */;
			productType = "com.apple.product-type.application";
		};
		1F8A1D0520AB9BB600A48700 /* GPS RecordingTests */ = {
			isa = PBXNativeTarget;
			buildConfigurationList = 1F8A1D1220AB9BB600A48700 /* Build configuration list for PBXNativeTarget "GPS RecordingTests" */;
			buildPhases = (
				1F8A1D0220AB9BB600A48700 /* Sources */,
				1F8A1D0320AB9BB600A48700 /* Frameworks */,
				1F8A1D0420AB9BB600A48700 /* Resources */,
			);
			buildRules = (
			);
			dependencies = (
				1F8A1D0820AB9BB600A48700 /* PBXTargetDependency */,
			);
			name = "GPS RecordingTests";
			productName = "GPS RecordingTests";
			productReference = 1F8A1D0620AB9BB600A48700 /* GPS RecordingTests.xctest */;
			productType = "com.apple.product-type.bundle.unit-test";
		};
/* End PBXNativeTarget section */

/* Begin PBXProject section */
		1F8A1CE720AB9BB400A48700 /* Project object */ = {
			isa = PBXProject;
			attributes = {
				LastSwiftUpdateCheck = 0930;
				LastUpgradeCheck = 0930;
				ORGANIZATIONNAME = "Aaron Blondeau";
				TargetAttributes = {
					1F8A1CEE20AB9BB400A48700 = {
						CreatedOnToolsVersion = 9.3.1;
					};
					1F8A1D0520AB9BB600A48700 = {
						CreatedOnToolsVersion = 9.3.1;
						TestTargetID = 1F8A1CEE20AB9BB400A48700;
					};
				};
			};
			buildConfigurationList = 1F8A1CEA20AB9BB400A48700 /* Build configuration list for PBXProject "GPS Recording" */;
			compatibilityVersion = "Xcode 9.3";
			developmentRegion = en;
			hasScannedForEncodings = 0;
			knownRegions = (
				en,
				Base,
			);
			mainGroup = 1F8A1CE620AB9BB400A48700;
			productRefGroup = 1F8A1CF020AB9BB400A48700 /* Products */;
			projectDirPath = "";
			projectRoot = "";
			targets = (
				1F8A1CEE20AB9BB400A48700 /* GPS Recording */,
				1F8A1D0520AB9BB600A48700 /* GPS RecordingTests */,
			);
		};
/* End PBXProject section */

/* Begin PBXResourcesBuildPhase section */
		1F8A1CED20AB9BB400A48700 /* Resources */ = {
			isa = PBXResourcesBuildPhase;
			buildActionMask = 2147483647;
			files = (
				1F8A1D0020AB9BB600A48700 /* LaunchScreen.storyboard in Resources */,
				1F8A1CFD20AB9BB600A48700 /* Assets.xcassets in Resources */,
				1F8A1CF820AB9BB400A48700 /* Main.storyboard in Resources */,
			);
			runOnlyForDeploymentPostprocessing = 0;
		};
		1F8A1D0420AB9BB600A48700 /* Resources */ = {
			isa = PBXResourcesBuildPhase;
			buildActionMask = 2147483647;
			files = (
			);
			runOnlyForDeploymentPostprocessing = 0;
		};
/* End PBXResourcesBuildPhase section */

/* Begin PBXSourcesBuildPhase section */
		1F8A1CEB20AB9BB400A48700 /* Sources */ = {
			isa = PBXSourcesBuildPhase;
			buildActionMask = 2147483647;
			files = (
				1F8A1CF520AB9BB400A48700 /* ViewController.swift in Sources */,
				1F8A1CF320AB9BB400A48700 /* AppDelegate.swift in Sources */,
				1F5CD2BE20AF4F9D001209A5 /* DistanceFilterTableViewCell.swift in Sources */,
				1FE6E4DC20C5FD8A00FC1AB4 /* RecordViewController.swift in Sources */,
				1F5CD2C420AF6D9E001209A5 /* Track.swift in Sources */,
				1F8A1CFB20AB9BB400A48700 /* GPS_Recording.xcdatamodeld in Sources */,
				1F5CD2CA20AF7278001209A5 /* GPSRecordingStore.swift in Sources */,
				1F8A1D1620ABA0D400A48700 /* SettingsViewController.swift in Sources */,
				1F5CD2C820AF6EDF001209A5 /* Point.swift in Sources */,
				1F5CD2C620AF6EAE001209A5 /* Line.swift in Sources */,
				1F5CD2C220AF696F001209A5 /* GPSRecordingDataModel.xcdatamodeld in Sources */,
				1F8A1D1820ACF1E600A48700 /* GPSRecordingSettings.swift in Sources */,
			);
			runOnlyForDeploymentPostprocessing = 0;
		};
		1F8A1D0220AB9BB600A48700 /* Sources */ = {
			isa = PBXSourcesBuildPhase;
			buildActionMask = 2147483647;
			files = (
				1F5CD2CE20AF9420001209A5 /* Point.swift in Sources */,
				1F5CD2CB20AF90DA001209A5 /* GPSRecordingDataModel.xcdatamodeld in Sources */,
				1F8A1D0B20AB9BB600A48700 /* GPS_RecordingTests.swift in Sources */,
				1F5CD2CD20AF941B001209A5 /* GPSRecordingStore.swift in Sources */,
				1F5CD2CF20AF9422001209A5 /* Line.swift in Sources */,
				1F5CD2D020AF9425001209A5 /* Track.swift in Sources */,
			);
			runOnlyForDeploymentPostprocessing = 0;
		};
/* End PBXSourcesBuildPhase section */

/* Begin PBXTargetDependency section */
		1F8A1D0820AB9BB600A48700 /* PBXTargetDependency */ = {
			isa = PBXTargetDependency;
			target = 1F8A1CEE20AB9BB400A48700 /* GPS Recording */;
			targetProxy = 1F8A1D0720AB9BB600A48700 /* PBXContainerItemProxy */;
		};
/* End PBXTargetDependency section */

/* Begin PBXVariantGroup section */
		1F8A1CF620AB9BB400A48700 /* Main.storyboard */ = {
			isa = PBXVariantGroup;
			children = (
				1F8A1CF720AB9BB400A48700 /* Base */,
			);
			name = Main.storyboard;
			sourceTree = "<group>";
		};
		1F8A1CFE20AB9BB600A48700 /* LaunchScreen.storyboard */ = {
			isa = PBXVariantGroup;
			children = (
				1F8A1CFF20AB9BB600A48700 /* Base */,
			);
			name = LaunchScreen.storyboard;
			sourceTree = "<group>";
		};
/* End PBXVariantGroup section */

/* Begin XCBuildConfiguration section */
		1F8A1D0D20AB9BB600A48700 /* Debug */ = {
			isa = XCBuildConfiguration;
			buildSettings = {
				ALWAYS_SEARCH_USER_PATHS = NO;
				CLANG_ANALYZER_NONNULL = YES;
				CLANG_ANALYZER_NUMBER_OBJECT_CONVERSION = YES_AGGRESSIVE;
				CLANG_CXX_LANGUAGE_STANDARD = "gnu++14";
				CLANG_CXX_LIBRARY = "libc++";
				CLANG_ENABLE_MODULES = YES;
				CLANG_ENABLE_OBJC_ARC = YES;
				CLANG_ENABLE_OBJC_WEAK = YES;
				CLANG_WARN_BLOCK_CAPTURE_AUTORELEASING = YES;
				CLANG_WARN_BOOL_CONVERSION = YES;
				CLANG_WARN_COMMA = YES;
				CLANG_WARN_CONSTANT_CONVERSION = YES;
				CLANG_WARN_DEPRECATED_OBJC_IMPLEMENTATIONS = YES;
				CLANG_WARN_DIRECT_OBJC_ISA_USAGE = YES_ERROR;
				CLANG_WARN_DOCUMENTATION_COMMENTS = YES;
				CLANG_WARN_EMPTY_BODY = YES;
				CLANG_WARN_ENUM_CONVERSION = YES;
				CLANG_WARN_INFINITE_RECURSION = YES;
				CLANG_WARN_INT_CONVERSION = YES;
				CLANG_WARN_NON_LITERAL_NULL_CONVERSION = YES;
				CLANG_WARN_OBJC_IMPLICIT_RETAIN_SELF = YES;
				CLANG_WARN_OBJC_LITERAL_CONVERSION = YES;
				CLANG_WARN_OBJC_ROOT_CLASS = YES_ERROR;
				CLANG_WARN_RANGE_LOOP_ANALYSIS = YES;
				CLANG_WARN_STRICT_PROTOTYPES = YES;
				CLANG_WARN_SUSPICIOUS_MOVE = YES;
				CLANG_WARN_UNGUARDED_AVAILABILITY = YES_AGGRESSIVE;
				CLANG_WARN_UNREACHABLE_CODE = YES;
				CLANG_WARN__DUPLICATE_METHOD_MATCH = YES;
				CODE_SIGN_IDENTITY = "iPhone Developer";
				COPY_PHASE_STRIP = NO;
				DEBUG_INFORMATION_FORMAT = dwarf;
				ENABLE_STRICT_OBJC_MSGSEND = YES;
				ENABLE_TESTABILITY = YES;
				GCC_C_LANGUAGE_STANDARD = gnu11;
				GCC_DYNAMIC_NO_PIC = NO;
				GCC_NO_COMMON_BLOCKS = YES;
				GCC_OPTIMIZATION_LEVEL = 0;
				GCC_PREPROCESSOR_DEFINITIONS = (
					"DEBUG=1",
					"$(inherited)",
				);
				GCC_WARN_64_TO_32_BIT_CONVERSION = YES;
				GCC_WARN_ABOUT_RETURN_TYPE = YES_ERROR;
				GCC_WARN_UNDECLARED_SELECTOR = YES;
				GCC_WARN_UNINITIALIZED_AUTOS = YES_AGGRESSIVE;
				GCC_WARN_UNUSED_FUNCTION = YES;
				GCC_WARN_UNUSED_VARIABLE = YES;
				IPHONEOS_DEPLOYMENT_TARGET = 11.3;
				MTL_ENABLE_DEBUG_INFO = YES;
				ONLY_ACTIVE_ARCH = YES;
				SDKROOT = iphoneos;
				SWIFT_ACTIVE_COMPILATION_CONDITIONS = DEBUG;
				SWIFT_OPTIMIZATION_LEVEL = "-Onone";
			};
			name = Debug;
		};
		1F8A1D0E20AB9BB600A48700 /* Release */ = {
			isa = XCBuildConfiguration;
			buildSettings = {
				ALWAYS_SEARCH_USER_PATHS = NO;
				CLANG_ANALYZER_NONNULL = YES;
				CLANG_ANALYZER_NUMBER_OBJECT_CONVERSION = YES_AGGRESSIVE;
				CLANG_CXX_LANGUAGE_STANDARD = "gnu++14";
				CLANG_CXX_LIBRARY = "libc++";
				CLANG_ENABLE_MODULES = YES;
				CLANG_ENABLE_OBJC_ARC = YES;
				CLANG_ENABLE_OBJC_WEAK = YES;
				CLANG_WARN_BLOCK_CAPTURE_AUTORELEASING = YES;
				CLANG_WARN_BOOL_CONVERSION = YES;
				CLANG_WARN_COMMA = YES;
				CLANG_WARN_CONSTANT_CONVERSION = YES;
				CLANG_WARN_DEPRECATED_OBJC_IMPLEMENTATIONS = YES;
				CLANG_WARN_DIRECT_OBJC_ISA_USAGE = YES_ERROR;
				CLANG_WARN_DOCUMENTATION_COMMENTS = YES;
				CLANG_WARN_EMPTY_BODY = YES;
				CLANG_WARN_ENUM_CONVERSION = YES;
				CLANG_WARN_INFINITE_RECURSION = YES;
				CLANG_WARN_INT_CONVERSION = YES;
				CLANG_WARN_NON_LITERAL_NULL_CONVERSION = YES;
				CLANG_WARN_OBJC_IMPLICIT_RETAIN_SELF = YES;
				CLANG_WARN_OBJC_LITERAL_CONVERSION = YES;
				CLANG_WARN_OBJC_ROOT_CLASS = YES_ERROR;
				CLANG_WARN_RANGE_LOOP_ANALYSIS = YES;
				CLANG_WARN_STRICT_PROTOTYPES = YES;
				CLANG_WARN_SUSPICIOUS_MOVE = YES;
				CLANG_WARN_UNGUARDED_AVAILABILITY = YES_AGGRESSIVE;
				CLANG_WARN_UNREACHABLE_CODE = YES;
				CLANG_WARN__DUPLICATE_METHOD_MATCH = YES;
				CODE_SIGN_IDENTITY = "iPhone Developer";
				COPY_PHASE_STRIP = NO;
				DEBUG_INFORMATION_FORMAT = "dwarf-with-dsym";
				ENABLE_NS_ASSERTIONS = NO;
				ENABLE_STRICT_OBJC_MSGSEND = YES;
				GCC_C_LANGUAGE_STANDARD = gnu11;
				GCC_NO_COMMON_BLOCKS = YES;
				GCC_WARN_64_TO_32_BIT_CONVERSION = YES;
				GCC_WARN_ABOUT_RETURN_TYPE = YES_ERROR;
				GCC_WARN_UNDECLARED_SELECTOR = YES;
				GCC_WARN_UNINITIALIZED_AUTOS = YES_AGGRESSIVE;
				GCC_WARN_UNUSED_FUNCTION = YES;
				GCC_WARN_UNUSED_VARIABLE = YES;
				IPHONEOS_DEPLOYMENT_TARGET = 11.3;
				MTL_ENABLE_DEBUG_INFO = NO;
				SDKROOT = iphoneos;
				SWIFT_COMPILATION_MODE = wholemodule;
				SWIFT_OPTIMIZATION_LEVEL = "-O";
				VALIDATE_PRODUCT = YES;
			};
			name = Release;
		};
		1F8A1D1020AB9BB600A48700 /* Debug */ = {
			isa = XCBuildConfiguration;
			buildSettings = {
				ASSETCATALOG_COMPILER_APPICON_NAME = AppIcon;
				CODE_SIGN_STYLE = Automatic;
				DEVELOPMENT_TEAM = MQ5T43ZPP7;
				INFOPLIST_FILE = "GPS Recording/Info.plist";
				IPHONEOS_DEPLOYMENT_TARGET = 10.0;
				LD_RUNPATH_SEARCH_PATHS = (
					"$(inherited)",
					"@executable_path/Frameworks",
				);
				PRODUCT_BUNDLE_IDENTIFIER = "com.salidasoftware.GPS-Recording";
				PRODUCT_NAME = "$(TARGET_NAME)";
				SWIFT_VERSION = 4.0;
				TARGETED_DEVICE_FAMILY = "1,2";
			};
			name = Debug;
		};
		1F8A1D1120AB9BB600A48700 /* Release */ = {
			isa = XCBuildConfiguration;
			buildSettings = {
				ASSETCATALOG_COMPILER_APPICON_NAME = AppIcon;
				CODE_SIGN_STYLE = Automatic;
				DEVELOPMENT_TEAM = MQ5T43ZPP7;
				INFOPLIST_FILE = "GPS Recording/Info.plist";
				IPHONEOS_DEPLOYMENT_TARGET = 10.0;
				LD_RUNPATH_SEARCH_PATHS = (
					"$(inherited)",
					"@executable_path/Frameworks",
				);
				PRODUCT_BUNDLE_IDENTIFIER = "com.salidasoftware.GPS-Recording";
				PRODUCT_NAME = "$(TARGET_NAME)";
				SWIFT_VERSION = 4.0;
				TARGETED_DEVICE_FAMILY = "1,2";
			};
			name = Release;
		};
		1F8A1D1320AB9BB600A48700 /* Debug */ = {
			isa = XCBuildConfiguration;
			buildSettings = {
				ALWAYS_EMBED_SWIFT_STANDARD_LIBRARIES = YES;
				BUNDLE_LOADER = "$(TEST_HOST)";
				CODE_SIGN_STYLE = Automatic;
				DEVELOPMENT_TEAM = YP26FHJ479;
				INFOPLIST_FILE = "GPS RecordingTests/Info.plist";
				LD_RUNPATH_SEARCH_PATHS = (
					"$(inherited)",
					"@executable_path/Frameworks",
					"@loader_path/Frameworks",
				);
				PRODUCT_BUNDLE_IDENTIFIER = "com.salidasoftware.GPS-RecordingTests";
				PRODUCT_NAME = "$(TARGET_NAME)";
				SWIFT_VERSION = 4.0;
				TARGETED_DEVICE_FAMILY = "1,2";
				TEST_HOST = "$(BUILT_PRODUCTS_DIR)/GPS Recording.app/GPS Recording";
			};
			name = Debug;
		};
		1F8A1D1420AB9BB600A48700 /* Release */ = {
			isa = XCBuildConfiguration;
			buildSettings = {
				ALWAYS_EMBED_SWIFT_STANDARD_LIBRARIES = YES;
				BUNDLE_LOADER = "$(TEST_HOST)";
				CODE_SIGN_STYLE = Automatic;
				DEVELOPMENT_TEAM = YP26FHJ479;
				INFOPLIST_FILE = "GPS RecordingTests/Info.plist";
				LD_RUNPATH_SEARCH_PATHS = (
					"$(inherited)",
					"@executable_path/Frameworks",
					"@loader_path/Frameworks",
				);
				PRODUCT_BUNDLE_IDENTIFIER = "com.salidasoftware.GPS-RecordingTests";
				PRODUCT_NAME = "$(TARGET_NAME)";
				SWIFT_VERSION = 4.0;
				TARGETED_DEVICE_FAMILY = "1,2";
				TEST_HOST = "$(BUILT_PRODUCTS_DIR)/GPS Recording.app/GPS Recording";
			};
			name = Release;
		};
/* End XCBuildConfiguration section */

/* Begin XCConfigurationList section */
		1F8A1CEA20AB9BB400A48700 /* Build configuration list for PBXProject "GPS Recording" */ = {
			isa = XCConfigurationList;
			buildConfigurations = (
				1F8A1D0D20AB9BB600A48700 /* Debug */,
				1F8A1D0E20AB9BB600A48700 /* Release */,
			);
			defaultConfigurationIsVisible = 0;
			defaultConfigurationName = Release;
		};
		1F8A1D0F20AB9BB600A48700 /* Build configuration list for PBXNativeTarget "GPS Recording" */ = {
			isa = XCConfigurationList;
			buildConfigurations = (
				1F8A1D1020AB9BB600A48700 /* Debug */,
				1F8A1D1120AB9BB600A48700 /* Release */,
			);
			defaultConfigurationIsVisible = 0;
			defaultConfigurationName = Release;
		};
		1F8A1D1220AB9BB600A48700 /* Build configuration list for PBXNativeTarget "GPS RecordingTests" */ = {
			isa = XCConfigurationList;
			buildConfigurations = (
				1F8A1D1320AB9BB600A48700 /* Debug */,
				1F8A1D1420AB9BB600A48700 /* Release */,
			);
			defaultConfigurationIsVisible = 0;
			defaultConfigurationName = Release;
		};
/* End XCConfigurationList section */

/* Begin XCVersionGroup section */
		1F5CD2C020AF696F001209A5 /* GPSRecordingDataModel.xcdatamodeld */ = {
			isa = XCVersionGroup;
			children = (
				1F5CD2C120AF696F001209A5 /* GPSRecordingDataModel.xcdatamodel */,
			);
			currentVersion = 1F5CD2C120AF696F001209A5 /* GPSRecordingDataModel.xcdatamodel */;
			path = GPSRecordingDataModel.xcdatamodeld;
			sourceTree = "<group>";
			versionGroupType = wrapper.xcdatamodel;
		};
		1F8A1CF920AB9BB400A48700 /* GPS_Recording.xcdatamodeld */ = {
			isa = XCVersionGroup;
			children = (
				1F8A1CFA20AB9BB400A48700 /* GPS_Recording.xcdatamodel */,
			);
			currentVersion = 1F8A1CFA20AB9BB400A48700 /* GPS_Recording.xcdatamodel */;
			path = GPS_Recording.xcdatamodeld;
			sourceTree = "<group>";
			versionGroupType = wrapper.xcdatamodel;
		};
/* End XCVersionGroup section */
	};
	rootObject = 1F8A1CE720AB9BB400A48700 /* Project object */;
}
